
Microsoft Visual Studio Solution File, Format Version 12.00
# Visual Studio Version 16
VisualStudioVersion = 16.0.29609.76
MinimumVisualStudioVersion = 10.0.40219.1
Project("{F184B08F-C81C-45F6-A57F-5ABD9991F28F}") = "ExciteBrowser", "ExciteBrowser\ExciteBrowser.vbproj", "{067D29AD-89C4-4F37-8CCA-17944779012B}"
EndProject
Project("{54435603-DBB4-11D2-8724-00A0C9A8B90C}") = "Setup", "Setup\Setup.vdproj", "{0526A68D-5DD9-41F8-B6B1-8454D066E3FA}"
EndProject
Global
	GlobalSection(SolutionConfigurationPlatforms) = preSolution
		Debug|Any CPU = Debug|Any CPU
		Debug|x86 = Debug|x86
		Release|Any CPU = Release|Any CPU
		Release|x86 = Release|x86
	EndGlobalSection
	GlobalSection(ProjectConfigurationPlatforms) = postSolution
		{067D29AD-89C4-4F37-8CCA-17944779012B}.Debug|Any CPU.ActiveCfg = Debug|Any CPU
		{067D29AD-89C4-4F37-8CCA-17944779012B}.Debug|Any CPU.Build.0 = Debug|Any CPU
		{067D29AD-89C4-4F37-8CCA-17944779012B}.Debug|x86.ActiveCfg = Debug|Any CPU
		{067D29AD-89C4-4F37-8CCA-17944779012B}.Debug|x86.Build.0 = Debug|Any CPU
		{067D29AD-89C4-4F37-8CCA-17944779012B}.Release|Any CPU.ActiveCfg = Release|Any CPU
		{067D29AD-89C4-4F37-8CCA-17944779012B}.Release|Any CPU.Build.0 = Release|Any CPU
		{067D29AD-89C4-4F37-8CCA-17944779012B}.Release|x86.ActiveCfg = Release|Any CPU
		{067D29AD-89C4-4F37-8CCA-17944779012B}.Release|x86.Build.0 = Release|Any CPU
		{0526A68D-5DD9-41F8-B6B1-8454D066E3FA}.Debug|Any CPU.ActiveCfg = Debug
		{0526A68D-5DD9-41F8-B6B1-8454D066E3FA}.Debug|x86.ActiveCfg = Debug
		{0526A68D-5DD9-41F8-B6B1-8454D066E3FA}.Release|Any CPU.ActiveCfg = Release
		{0526A68D-5DD9-41F8-B6B1-8454D066E3FA}.Release|x86.ActiveCfg = Release
	EndGlobalSection
	GlobalSection(SolutionProperties) = preSolution
		HideSolutionNode = FALSE
	EndGlobalSection
	GlobalSection(ExtensibilityGlobals) = postSolution
		SolutionGuid = {2B4D679A-A4D3-4042-A404-FEA45E7A5C7C}
	EndGlobalSection
EndGlobal
